
Microsoft Visual Studio Solution File, Format Version 12.00
# Visual Studio 15
VisualStudioVersion = 15.0.28307.136
MinimumVisualStudioVersion = 10.0.40219.1
Project("{FAE04EC0-301F-11D3-BF4B-00C04F79EFBC}") = "SMTPTester.FullFx", "SMTPTester.FullFx\SMTPTester.FullFx.csproj", "{8F4328E6-9301-43BD-AA78-050AA4A8E9EF}"
EndProject
Global
	GlobalSection(SolutionConfigurationPlatforms) = preSolution
		Debug|Any CPU = Debug|Any CPU
		Release|Any CPU = Release|Any CPU
	EndGlobalSection
	GlobalSection(ProjectConfigurationPlatforms) = postSolution
		{8F4328E6-9301-43BD-AA78-050AA4A8E9EF}.Debug|Any CPU.ActiveCfg = Debug|Any CPU
		{8F4328E6-9301-43BD-AA78-050AA4A8E9EF}.Debug|Any CPU.Build.0 = Debug|Any CPU
		{8F4328E6-9301-43BD-AA78-050AA4A8E9EF}.Release|Any CPU.ActiveCfg = Release|Any CPU
		{8F4328E6-9301-43BD-AA78-050AA4A8E9EF}.Release|Any CPU.Build.0 = Release|Any CPU
	EndGlobalSection
	GlobalSection(SolutionProperties) = preSolution
		HideSolutionNode = FALSE
	EndGlobalSection
	GlobalSection(ExtensibilityGlobals) = postSolution
		SolutionGuid = {B37B2569-364D-46A9-A97A-490C7C8E8B63}
	EndGlobalSection
EndGlobal
